# This file is autogenerated, do not edit; changes may be undone by the next 'dep ensure'.


[[projects]]
  digest = "1:cb95f9716fe1d0b7adf150c5f6e7185d32e0b730ffbb38e118e3674803de4280"
  name = "github.com/akamai/AkamaiOPEN-edgegrid-golang"
  packages = [
    "client-v1",
    "configgtm-v1_3",
    "edgegrid",
    "jsonhooks-v1",
    "reportsgtm-v1",
  ]
  pruneopts = "UT"
  revision = "92c9549843bc6117cfbfb27755344c9551628819"
  version = "v0.9.3"

[[projects]]
  branch = "master"
  digest = "1:71008a7b1acbbb606962064eebf68d8d1f76258da390c79c8e7330d37099e0e5"
  name = "github.com/akamai/cli-common-golang"
  packages = ["."]
  pruneopts = "UT"
  revision = "ff6f30c42c8085fd68075856b429649d4a711f40"

[[projects]]
  digest = "1:09905b6d07a3870de03c9929b8dc57934168d53360258620425d7cd09a8a1177"
  name = "github.com/briandowns/spinner"
  packages = ["."]
  pruneopts = "UT"
  revision = "3c8853093b003d55bda54c96b8f82e321147d193"
  version = "v1.8.0"

[[projects]]
  digest = "1:7cb4fdca4c251b3ef8027c90ea35f70c7b661a593b9eeae34753c65499098bb1"
  name = "github.com/cpuguy83/go-md2man"
  packages = ["md2man"]
  pruneopts = "UT"
  revision = "7762f7e404f8416dfa1d9bb6a8c192aa9acb4d19"
  version = "v1.0.10"

[[projects]]
  digest = "1:865079840386857c809b72ce300be7580cb50d3d3129ce11bf9aa6ca2bc1934a"
  name = "github.com/fatih/color"
  packages = ["."]
  pruneopts = "UT"
  revision = "5b77d2a35fb0ede96d138fc9a99f5c9b6aef11b4"
  version = "v1.7.0"

[[projects]]
  digest = "1:591460fbfc463bda7071ac906bed19cbf64cffd5fcb80a6d1490e87b9dfad942"
  name = "github.com/go-ini/ini"
  packages = ["."]
  pruneopts = "UT"
  revision = "87e589f4917038ae250cff2446db7573f47e97ca"
  version = "v1.51.0"

[[projects]]
  digest = "1:582b704bebaa06b48c29b0cec224a6058a09c86883aaddabde889cd1a5f73e1b"
  name = "github.com/google/uuid"
  packages = ["."]
  pruneopts = "UT"
  revision = "0cd6bf5da1e1c83f8b45653022c74f71af0538a4"
  version = "v1.1.1"

[[projects]]
  digest = "1:31e761d97c76151dde79e9d28964a812c46efc5baee4085b86f68f0c654450de"
  name = "github.com/konsorten/go-windows-terminal-sequences"
  packages = ["."]
  pruneopts = "UT"
  revision = "f55edac94c9bbba5d6182a4be46d86a2c9b5b50e"
  version = "v1.0.2"

[[projects]]
  digest = "1:c658e84ad3916da105a761660dcaeb01e63416c8ec7bc62256a9b411a05fcd67"
  name = "github.com/mattn/go-colorable"
  packages = ["."]
  pruneopts = "UT"
  revision = "167de6bfdfba052fa6b2d3664c8f5272e23c9072"
  version = "v0.0.9"

[[projects]]
  digest = "1:d62282425ffb75047679d7e2c3b980eea7f82c05ef5fb9142ee617ebac6e7432"
  name = "github.com/mattn/go-isatty"
  packages = ["."]
  pruneopts = "UT"
  revision = "88ba11cfdc67c7588b30042edf244b2875f892b6"
  version = "v0.0.10"

[[projects]]
  digest = "1:8b9352f5af622f234923139000732eb2fb32574949fa84d60a21c70e5dd7d3e6"
  name = "github.com/mattn/go-runewidth"
  packages = ["."]
  pruneopts = "UT"
  revision = "f93a0d58d5fd95e53f82782d07bb0c79d23e1290"
  version = "v0.0.6"

[[projects]]
  digest = "1:5d231480e1c64a726869bc4142d270184c419749d34f167646baa21008eb0a79"
  name = "github.com/mitchellh/go-homedir"
  packages = ["."]
  pruneopts = "UT"
  revision = "af06845cf3004701891bf4fdb884bfe4920b3727"
  version = "v1.1.0"

[[projects]]
  digest = "1:94ac61005d8a6d448d3dfbfa6bcc1bffe4c36b26bd5e8ba714c21bb241c1c9b8"
  name = "github.com/olekukonko/tablewriter"
  packages = ["."]
  pruneopts = "UT"
  revision = "1ab4b831fd5f2aad691b6870d22fff83e43e6343"
  version = "v0.0.3"

[[projects]]
  digest = "1:2ee0f15eb0fb04f918db7c2dcf39745f40d69f798ef171610a730e8a56aaa4fd"
  name = "github.com/russross/blackfriday"
  packages = ["."]
  pruneopts = "UT"
  revision = "d3b5b032dc8e8927d31a5071b56e14c89f045135"
  version = "v2.0.1"

[[projects]]
  digest = "1:9421f6e9e28ef86933e824b5caff441366f2b69bb281085b9dca40e1f27a1602"
  name = "github.com/shurcooL/sanitized_anchor_name"
  packages = ["."]
  pruneopts = "UT"
  revision = "7bfe4c7ecddb3666a94b053b422cdd8f5aaa3615"
  version = "v1.0.0"

[[projects]]
  digest = "1:04457f9f6f3ffc5fea48e71d62f2ca256637dee0a04d710288e27e05c8b41976"
  name = "github.com/sirupsen/logrus"
  packages = ["."]
  pruneopts = "UT"
  revision = "839c75faf7f98a33d445d181f3018b5c3409a45e"
  version = "v1.4.2"

[[projects]]
  digest = "1:1d3ef3dd057d2eb1819e945f88cc83835296c9b7fb13ad3194c937c4e2891fee"
  name = "github.com/urfave/cli"
  packages = ["."]
  pruneopts = "UT"
  revision = "bfe2e925cfb6d44b40ad3a779165ea7e8aff9212"
  version = "v1.22.0"

[[projects]]
  branch = "release-branch.go1.11"
  digest = "1:33a43cb31975899cfcd81600d1390467db1778ae87102f80668a753fed8c663e"
  name = "golang.org/x/sys"
  packages = ["unix"]
  pruneopts = "UT"
  revision = "98c5dad5d1a0e8a73845ecc8897d0bd56586511d"

[solve-meta]
  analyzer-name = "dep"
  analyzer-version = 1
  input-imports = [
    "github.com/akamai/AkamaiOPEN-edgegrid-golang/configgtm-v1_3",
    "github.com/akamai/AkamaiOPEN-edgegrid-golang/reportsgtm-v1",
    "github.com/akamai/cli-common-golang",
    "github.com/fatih/color",
    "github.com/olekukonko/tablewriter",
    "github.com/urfave/cli",
  ]
  solver-name = "gps-cdcl"
  solver-version = 1
